
Microsoft Visual Studio Solution File, Format Version 12.00
# Visual Studio Version 17
VisualStudioVersion = 17.14.36401.2
MinimumVisualStudioVersion = 10.0.40219.1
Project("{FAE04EC0-301F-11D3-BF4B-00C04F79EFBC}") = "SMS.AppHost", "SMS.AppHost\SMS.AppHost.csproj", "{46246132-AE64-4F76-9191-7B2E25A22F68}"
EndProject
Project("{FAE04EC0-301F-11D3-BF4B-00C04F79EFBC}") = "SMS.ServiceDefaults", "SMS.ServiceDefaults\SMS.ServiceDefaults.csproj", "{200EAADE-F78C-34FF-425A-FFEC2EBFE786}"
EndProject
Project("{FAE04EC0-301F-11D3-BF4B-00C04F79EFBC}") = "SMS.Tests", "SMS.Tests\SMS.Tests.csproj", "{03241E85-2F32-BD29-FFB0-6F16E2740534}"
EndProject
Project("{FAE04EC0-301F-11D3-BF4B-00C04F79EFBC}") = "SMS.UI", "SMS.UI\SMS.UI\SMS.UI.csproj", "{5278E32D-0BEA-4DFF-AE4A-690E8209DF23}"
EndProject
Project("{FAE04EC0-301F-11D3-BF4B-00C04F79EFBC}") = "SMS.UI.Shared", "SMS.UI\SMS.UI.Shared\SMS.UI.Shared.csproj", "{380BE4B2-05EA-4411-9A1E-7D89E72C62A1}"
EndProject
Project("{FAE04EC0-301F-11D3-BF4B-00C04F79EFBC}") = "SMS.UI.Web", "SMS.UI\SMS.UI.Web\SMS.UI.Web.csproj", "{D6CE2A8C-E554-43F4-B71F-058B1B6F80B3}"
EndProject
Project("{FAE04EC0-301F-11D3-BF4B-00C04F79EFBC}") = "SMS.Contracts", "SMS.Contracts\SMS.Contracts.csproj", "{027EE29C-6165-7467-BB7D-A210801E260D}"
EndProject
Project("{FAE04EC0-301F-11D3-BF4B-00C04F79EFBC}") = "SMS.Microservices.FileManagement", "Microservices\SMS.Microservices.FileManagement\SMS.Microservices.FileManagement.csproj", "{286B1AD6-5950-8F79-D473-AD8AE5FFAF11}"
EndProject
Project("{FAE04EC0-301F-11D3-BF4B-00C04F79EFBC}") = "SMS.Microservices.NotificationMessaging", "Microservices\SMS.Microservices.NotificationMessaging\SMS.Microservices.NotificationMessaging.csproj", "{A0BF82DF-CA72-5AE7-69DA-DB1B563741A5}"
EndProject
Project("{FAE04EC0-301F-11D3-BF4B-00C04F79EFBC}") = "SMS.Microservices.SchoolCore", "Microservices\SMS.Microservices.SchoolCore\SMS.Microservices.SchoolCore.csproj", "{F88454FF-92F4-4CE8-1A30-F33634C46228}"
EndProject
Project("{FAE04EC0-301F-11D3-BF4B-00C04F79EFBC}") = "SMS.Microservices.User", "Microservices\SMS.Microservices.User\SMS.Microservices.User.csproj", "{3BE521BE-9783-5B5C-BC50-37D8CEE3291D}"
EndProject
Project("{FAE04EC0-301F-11D3-BF4B-00C04F79EFBC}") = "SMS.ApiGateway", "SMS.ApiGateway\SMS.ApiGateway.csproj", "{567219BF-96B6-3E0D-81D8-3757CB05A6CC}"
EndProject
Project("{FAE04EC0-301F-11D3-BF4B-00C04F79EFBC}") = "SMS.Data", "SMS.Data\SMS.Data.csproj", "{6A9933D5-FB4C-6B3A-D28E-E037EA7F2CE7}"
EndProject
Project("{2150E333-8FDC-42A3-9474-1A3956D46DE8}") = "Microservices", "Microservices", "{8A367DDA-5161-A942-4F09-60E4726C9306}"
EndProject
Project("{FAE04EC0-301F-11D3-BF4B-00C04F79EFBC}") = "SMS.Microservices.Billing", "Microservices\SMS.Microservices.Billing\SMS.Microservices.Billing.csproj", "{AB902149-0D3A-4407-8CCC-37DB3AF65B48}"
EndProject
Project("{FAE04EC0-301F-11D3-BF4B-00C04F79EFBC}") = "SMS.Microservices.Library", "Microservices\SMS.Microservices.Library\SMS.Microservices.Library.csproj", "{3AFCA1EF-2853-4A09-A354-8FD6F5BB845A}"
EndProject
Project("{FAE04EC0-301F-11D3-BF4B-00C04F79EFBC}") = "SMS.Microservices.Inventory", "Microservices\SMS.Microservices.Inventory\SMS.Microservices.Inventory.csproj", "{0CDC8B59-943B-4EE6-A0BF-24F602340C4B}"
EndProject
Project("{FAE04EC0-301F-11D3-BF4B-00C04F79EFBC}") = "SMS.Microservices.Payroll", "Microservices\SMS.Microservices.Payroll\SMS.Microservices.Payroll.csproj", "{73B64073-F0BB-44CA-9F82-3D02A79E9342}"
EndProject
Project("{FAE04EC0-301F-11D3-BF4B-00C04F79EFBC}") = "SMS.Microservices.Reporting", "Microservices\SMS.Microservices.Reporting\SMS.Microservices.Reporting.csproj", "{E419AC03-84A0-4974-965A-175C161DD7C6}"
EndProject
Global
	GlobalSection(SolutionConfigurationPlatforms) = preSolution
		Debug|Any CPU = Debug|Any CPU
		Debug|x64 = Debug|x64
		Debug|x86 = Debug|x86
		Release|Any CPU = Release|Any CPU
		Release|x64 = Release|x64
		Release|x86 = Release|x86
	EndGlobalSection
	GlobalSection(ProjectConfigurationPlatforms) = postSolution
		{46246132-AE64-4F76-9191-7B2E25A22F68}.Debug|Any CPU.ActiveCfg = Debug|Any CPU
		{46246132-AE64-4F76-9191-7B2E25A22F68}.Debug|Any CPU.Build.0 = Debug|Any CPU
		{46246132-AE64-4F76-9191-7B2E25A22F68}.Debug|x64.ActiveCfg = Debug|Any CPU
		{46246132-AE64-4F76-9191-7B2E25A22F68}.Debug|x64.Build.0 = Debug|Any CPU
		{46246132-AE64-4F76-9191-7B2E25A22F68}.Debug|x86.ActiveCfg = Debug|Any CPU
		{46246132-AE64-4F76-9191-7B2E25A22F68}.Debug|x86.Build.0 = Debug|Any CPU
		{46246132-AE64-4F76-9191-7B2E25A22F68}.Release|Any CPU.ActiveCfg = Release|Any CPU
		{46246132-AE64-4F76-9191-7B2E25A22F68}.Release|Any CPU.Build.0 = Release|Any CPU
		{46246132-AE64-4F76-9191-7B2E25A22F68}.Release|x64.ActiveCfg = Release|Any CPU
		{46246132-AE64-4F76-9191-7B2E25A22F68}.Release|x64.Build.0 = Release|Any CPU
		{46246132-AE64-4F76-9191-7B2E25A22F68}.Release|x86.ActiveCfg = Release|Any CPU
		{46246132-AE64-4F76-9191-7B2E25A22F68}.Release|x86.Build.0 = Release|Any CPU
		{200EAADE-F78C-34FF-425A-FFEC2EBFE786}.Debug|Any CPU.ActiveCfg = Debug|Any CPU
		{200EAADE-F78C-34FF-425A-FFEC2EBFE786}.Debug|Any CPU.Build.0 = Debug|Any CPU
		{200EAADE-F78C-34FF-425A-FFEC2EBFE786}.Debug|x64.ActiveCfg = Debug|Any CPU
		{200EAADE-F78C-34FF-425A-FFEC2EBFE786}.Debug|x64.Build.0 = Debug|Any CPU
		{200EAADE-F78C-34FF-425A-FFEC2EBFE786}.Debug|x86.ActiveCfg = Debug|Any CPU
		{200EAADE-F78C-34FF-425A-FFEC2EBFE786}.Debug|x86.Build.0 = Debug|Any CPU
		{200EAADE-F78C-34FF-425A-FFEC2EBFE786}.Release|Any CPU.ActiveCfg = Release|Any CPU
		{200EAADE-F78C-34FF-425A-FFEC2EBFE786}.Release|Any CPU.Build.0 = Release|Any CPU
		{200EAADE-F78C-34FF-425A-FFEC2EBFE786}.Release|x64.ActiveCfg = Release|Any CPU
		{200EAADE-F78C-34FF-425A-FFEC2EBFE786}.Release|x64.Build.0 = Release|Any CPU
		{200EAADE-F78C-34FF-425A-FFEC2EBFE786}.Release|x86.ActiveCfg = Release|Any CPU
		{200EAADE-F78C-34FF-425A-FFEC2EBFE786}.Release|x86.Build.0 = Release|Any CPU
		{03241E85-2F32-BD29-FFB0-6F16E2740534}.Debug|Any CPU.ActiveCfg = Debug|Any CPU
		{03241E85-2F32-BD29-FFB0-6F16E2740534}.Debug|Any CPU.Build.0 = Debug|Any CPU
		{03241E85-2F32-BD29-FFB0-6F16E2740534}.Debug|x64.ActiveCfg = Debug|Any CPU
		{03241E85-2F32-BD29-FFB0-6F16E2740534}.Debug|x64.Build.0 = Debug|Any CPU
		{03241E85-2F32-BD29-FFB0-6F16E2740534}.Debug|x86.ActiveCfg = Debug|Any CPU
		{03241E85-2F32-BD29-FFB0-6F16E2740534}.Debug|x86.Build.0 = Debug|Any CPU
		{03241E85-2F32-BD29-FFB0-6F16E2740534}.Release|Any CPU.ActiveCfg = Release|Any CPU
		{03241E85-2F32-BD29-FFB0-6F16E2740534}.Release|Any CPU.Build.0 = Release|Any CPU
		{03241E85-2F32-BD29-FFB0-6F16E2740534}.Release|x64.ActiveCfg = Release|Any CPU
		{03241E85-2F32-BD29-FFB0-6F16E2740534}.Release|x64.Build.0 = Release|Any CPU
		{03241E85-2F32-BD29-FFB0-6F16E2740534}.Release|x86.ActiveCfg = Release|Any CPU
		{03241E85-2F32-BD29-FFB0-6F16E2740534}.Release|x86.Build.0 = Release|Any CPU
		{5278E32D-0BEA-4DFF-AE4A-690E8209DF23}.Debug|Any CPU.ActiveCfg = Debug|Any CPU
		{5278E32D-0BEA-4DFF-AE4A-690E8209DF23}.Debug|Any CPU.Build.0 = Debug|Any CPU
		{5278E32D-0BEA-4DFF-AE4A-690E8209DF23}.Debug|Any CPU.Deploy.0 = Debug|Any CPU
		{5278E32D-0BEA-4DFF-AE4A-690E8209DF23}.Debug|x64.ActiveCfg = Debug|Any CPU
		{5278E32D-0BEA-4DFF-AE4A-690E8209DF23}.Debug|x64.Build.0 = Debug|Any CPU
		{5278E32D-0BEA-4DFF-AE4A-690E8209DF23}.Debug|x86.ActiveCfg = Debug|Any CPU
		{5278E32D-0BEA-4DFF-AE4A-690E8209DF23}.Debug|x86.Build.0 = Debug|Any CPU
		{5278E32D-0BEA-4DFF-AE4A-690E8209DF23}.Release|Any CPU.ActiveCfg = Release|Any CPU
		{5278E32D-0BEA-4DFF-AE4A-690E8209DF23}.Release|Any CPU.Build.0 = Release|Any CPU
		{5278E32D-0BEA-4DFF-AE4A-690E8209DF23}.Release|x64.ActiveCfg = Release|Any CPU
		{5278E32D-0BEA-4DFF-AE4A-690E8209DF23}.Release|x64.Build.0 = Release|Any CPU
		{5278E32D-0BEA-4DFF-AE4A-690E8209DF23}.Release|x86.ActiveCfg = Release|Any CPU
		{5278E32D-0BEA-4DFF-AE4A-690E8209DF23}.Release|x86.Build.0 = Release|Any CPU
		{380BE4B2-05EA-4411-9A1E-7D89E72C62A1}.Debug|Any CPU.ActiveCfg = Debug|Any CPU
		{380BE4B2-05EA-4411-9A1E-7D89E72C62A1}.Debug|Any CPU.Build.0 = Debug|Any CPU
		{380BE4B2-05EA-4411-9A1E-7D89E72C62A1}.Debug|x64.ActiveCfg = Debug|Any CPU
		{380BE4B2-05EA-4411-9A1E-7D89E72C62A1}.Debug|x64.Build.0 = Debug|Any CPU
		{380BE4B2-05EA-4411-9A1E-7D89E72C62A1}.Debug|x86.ActiveCfg = Debug|Any CPU
		{380BE4B2-05EA-4411-9A1E-7D89E72C62A1}.Debug|x86.Build.0 = Debug|Any CPU
		{380BE4B2-05EA-4411-9A1E-7D89E72C62A1}.Release|Any CPU.ActiveCfg = Release|Any CPU
		{380BE4B2-05EA-4411-9A1E-7D89E72C62A1}.Release|Any CPU.Build.0 = Release|Any CPU
		{380BE4B2-05EA-4411-9A1E-7D89E72C62A1}.Release|x64.ActiveCfg = Release|Any CPU
		{380BE4B2-05EA-4411-9A1E-7D89E72C62A1}.Release|x64.Build.0 = Release|Any CPU
		{380BE4B2-05EA-4411-9A1E-7D89E72C62A1}.Release|x86.ActiveCfg = Release|Any CPU
		{380BE4B2-05EA-4411-9A1E-7D89E72C62A1}.Release|x86.Build.0 = Release|Any CPU
		{D6CE2A8C-E554-43F4-B71F-058B1B6F80B3}.Debug|Any CPU.ActiveCfg = Debug|Any CPU
		{D6CE2A8C-E554-43F4-B71F-058B1B6F80B3}.Debug|Any CPU.Build.0 = Debug|Any CPU
		{D6CE2A8C-E554-43F4-B71F-058B1B6F80B3}.Debug|x64.ActiveCfg = Debug|Any CPU
		{D6CE2A8C-E554-43F4-B71F-058B1B6F80B3}.Debug|x64.Build.0 = Debug|Any CPU
		{D6CE2A8C-E554-43F4-B71F-058B1B6F80B3}.Debug|x86.ActiveCfg = Debug|Any CPU
		{D6CE2A8C-E554-43F4-B71F-058B1B6F80B3}.Debug|x86.Build.0 = Debug|Any CPU
		{D6CE2A8C-E554-43F4-B71F-058B1B6F80B3}.Release|Any CPU.ActiveCfg = Release|Any CPU
		{D6CE2A8C-E554-43F4-B71F-058B1B6F80B3}.Release|Any CPU.Build.0 = Release|Any CPU
		{D6CE2A8C-E554-43F4-B71F-058B1B6F80B3}.Release|x64.ActiveCfg = Release|Any CPU
		{D6CE2A8C-E554-43F4-B71F-058B1B6F80B3}.Release|x64.Build.0 = Release|Any CPU
		{D6CE2A8C-E554-43F4-B71F-058B1B6F80B3}.Release|x86.ActiveCfg = Release|Any CPU
		{D6CE2A8C-E554-43F4-B71F-058B1B6F80B3}.Release|x86.Build.0 = Release|Any CPU
		{027EE29C-6165-7467-BB7D-A210801E260D}.Debug|Any CPU.ActiveCfg = Debug|Any CPU
		{027EE29C-6165-7467-BB7D-A210801E260D}.Debug|Any CPU.Build.0 = Debug|Any CPU
		{027EE29C-6165-7467-BB7D-A210801E260D}.Debug|x64.ActiveCfg = Debug|Any CPU
		{027EE29C-6165-7467-BB7D-A210801E260D}.Debug|x64.Build.0 = Debug|Any CPU
		{027EE29C-6165-7467-BB7D-A210801E260D}.Debug|x86.ActiveCfg = Debug|Any CPU
		{027EE29C-6165-7467-BB7D-A210801E260D}.Debug|x86.Build.0 = Debug|Any CPU
		{027EE29C-6165-7467-BB7D-A210801E260D}.Release|Any CPU.ActiveCfg = Release|Any CPU
		{027EE29C-6165-7467-BB7D-A210801E260D}.Release|Any CPU.Build.0 = Release|Any CPU
		{027EE29C-6165-7467-BB7D-A210801E260D}.Release|x64.ActiveCfg = Release|Any CPU
		{027EE29C-6165-7467-BB7D-A210801E260D}.Release|x64.Build.0 = Release|Any CPU
		{027EE29C-6165-7467-BB7D-A210801E260D}.Release|x86.ActiveCfg = Release|Any CPU
		{027EE29C-6165-7467-BB7D-A210801E260D}.Release|x86.Build.0 = Release|Any CPU
		{286B1AD6-5950-8F79-D473-AD8AE5FFAF11}.Debug|Any CPU.ActiveCfg = Debug|Any CPU
		{286B1AD6-5950-8F79-D473-AD8AE5FFAF11}.Debug|Any CPU.Build.0 = Debug|Any CPU
		{286B1AD6-5950-8F79-D473-AD8AE5FFAF11}.Debug|x64.ActiveCfg = Debug|Any CPU
		{286B1AD6-5950-8F79-D473-AD8AE5FFAF11}.Debug|x64.Build.0 = Debug|Any CPU
		{286B1AD6-5950-8F79-D473-AD8AE5FFAF11}.Debug|x86.ActiveCfg = Debug|Any CPU
		{286B1AD6-5950-8F79-D473-AD8AE5FFAF11}.Debug|x86.Build.0 = Debug|Any CPU
		{286B1AD6-5950-8F79-D473-AD8AE5FFAF11}.Release|Any CPU.ActiveCfg = Release|Any CPU
		{286B1AD6-5950-8F79-D473-AD8AE5FFAF11}.Release|Any CPU.Build.0 = Release|Any CPU
		{286B1AD6-5950-8F79-D473-AD8AE5FFAF11}.Release|x64.ActiveCfg = Release|Any CPU
		{286B1AD6-5950-8F79-D473-AD8AE5FFAF11}.Release|x64.Build.0 = Release|Any CPU
		{286B1AD6-5950-8F79-D473-AD8AE5FFAF11}.Release|x86.ActiveCfg = Release|Any CPU
		{286B1AD6-5950-8F79-D473-AD8AE5FFAF11}.Release|x86.Build.0 = Release|Any CPU
		{A0BF82DF-CA72-5AE7-69DA-DB1B563741A5}.Debug|Any CPU.ActiveCfg = Debug|Any CPU
		{A0BF82DF-CA72-5AE7-69DA-DB1B563741A5}.Debug|Any CPU.Build.0 = Debug|Any CPU
		{A0BF82DF-CA72-5AE7-69DA-DB1B563741A5}.Debug|x64.ActiveCfg = Debug|Any CPU
		{A0BF82DF-CA72-5AE7-69DA-DB1B563741A5}.Debug|x64.Build.0 = Debug|Any CPU
		{A0BF82DF-CA72-5AE7-69DA-DB1B563741A5}.Debug|x86.ActiveCfg = Debug|Any CPU
		{A0BF82DF-CA72-5AE7-69DA-DB1B563741A5}.Debug|x86.Build.0 = Debug|Any CPU
		{A0BF82DF-CA72-5AE7-69DA-DB1B563741A5}.Release|Any CPU.ActiveCfg = Release|Any CPU
		{A0BF82DF-CA72-5AE7-69DA-DB1B563741A5}.Release|Any CPU.Build.0 = Release|Any CPU
		{A0BF82DF-CA72-5AE7-69DA-DB1B563741A5}.Release|x64.ActiveCfg = Release|Any CPU
		{A0BF82DF-CA72-5AE7-69DA-DB1B563741A5}.Release|x64.Build.0 = Release|Any CPU
		{A0BF82DF-CA72-5AE7-69DA-DB1B563741A5}.Release|x86.ActiveCfg = Release|Any CPU
		{A0BF82DF-CA72-5AE7-69DA-DB1B563741A5}.Release|x86.Build.0 = Release|Any CPU
		{F88454FF-92F4-4CE8-1A30-F33634C46228}.Debug|Any CPU.ActiveCfg = Debug|Any CPU
		{F88454FF-92F4-4CE8-1A30-F33634C46228}.Debug|Any CPU.Build.0 = Debug|Any CPU
		{F88454FF-92F4-4CE8-1A30-F33634C46228}.Debug|x64.ActiveCfg = Debug|Any CPU
		{F88454FF-92F4-4CE8-1A30-F33634C46228}.Debug|x64.Build.0 = Debug|Any CPU
		{F88454FF-92F4-4CE8-1A30-F33634C46228}.Debug|x86.ActiveCfg = Debug|Any CPU
		{F88454FF-92F4-4CE8-1A30-F33634C46228}.Debug|x86.Build.0 = Debug|Any CPU
		{F88454FF-92F4-4CE8-1A30-F33634C46228}.Release|Any CPU.ActiveCfg = Release|Any CPU
		{F88454FF-92F4-4CE8-1A30-F33634C46228}.Release|Any CPU.Build.0 = Release|Any CPU
		{F88454FF-92F4-4CE8-1A30-F33634C46228}.Release|x64.ActiveCfg = Release|Any CPU
		{F88454FF-92F4-4CE8-1A30-F33634C46228}.Release|x64.Build.0 = Release|Any CPU
		{F88454FF-92F4-4CE8-1A30-F33634C46228}.Release|x86.ActiveCfg = Release|Any CPU
		{F88454FF-92F4-4CE8-1A30-F33634C46228}.Release|x86.Build.0 = Release|Any CPU
		{3BE521BE-9783-5B5C-BC50-37D8CEE3291D}.Debug|Any CPU.ActiveCfg = Debug|Any CPU
		{3BE521BE-9783-5B5C-BC50-37D8CEE3291D}.Debug|Any CPU.Build.0 = Debug|Any CPU
		{3BE521BE-9783-5B5C-BC50-37D8CEE3291D}.Debug|x64.ActiveCfg = Debug|Any CPU
		{3BE521BE-9783-5B5C-BC50-37D8CEE3291D}.Debug|x64.Build.0 = Debug|Any CPU
		{3BE521BE-9783-5B5C-BC50-37D8CEE3291D}.Debug|x86.ActiveCfg = Debug|Any CPU
		{3BE521BE-9783-5B5C-BC50-37D8CEE3291D}.Debug|x86.Build.0 = Debug|Any CPU
		{3BE521BE-9783-5B5C-BC50-37D8CEE3291D}.Release|Any CPU.ActiveCfg = Release|Any CPU
		{3BE521BE-9783-5B5C-BC50-37D8CEE3291D}.Release|Any CPU.Build.0 = Release|Any CPU
		{3BE521BE-9783-5B5C-BC50-37D8CEE3291D}.Release|x64.ActiveCfg = Release|Any CPU
		{3BE521BE-9783-5B5C-BC50-37D8CEE3291D}.Release|x64.Build.0 = Release|Any CPU
		{3BE521BE-9783-5B5C-BC50-37D8CEE3291D}.Release|x86.ActiveCfg = Release|Any CPU
		{3BE521BE-9783-5B5C-BC50-37D8CEE3291D}.Release|x86.Build.0 = Release|Any CPU
		{567219BF-96B6-3E0D-81D8-3757CB05A6CC}.Debug|Any CPU.ActiveCfg = Debug|Any CPU
		{567219BF-96B6-3E0D-81D8-3757CB05A6CC}.Debug|Any CPU.Build.0 = Debug|Any CPU
		{567219BF-96B6-3E0D-81D8-3757CB05A6CC}.Debug|x64.ActiveCfg = Debug|Any CPU
		{567219BF-96B6-3E0D-81D8-3757CB05A6CC}.Debug|x64.Build.0 = Debug|Any CPU
		{567219BF-96B6-3E0D-81D8-3757CB05A6CC}.Debug|x86.ActiveCfg = Debug|Any CPU
		{567219BF-96B6-3E0D-81D8-3757CB05A6CC}.Debug|x86.Build.0 = Debug|Any CPU
		{567219BF-96B6-3E0D-81D8-3757CB05A6CC}.Release|Any CPU.ActiveCfg = Release|Any CPU
		{567219BF-96B6-3E0D-81D8-3757CB05A6CC}.Release|Any CPU.Build.0 = Release|Any CPU
		{567219BF-96B6-3E0D-81D8-3757CB05A6CC}.Release|x64.ActiveCfg = Release|Any CPU
		{567219BF-96B6-3E0D-81D8-3757CB05A6CC}.Release|x64.Build.0 = Release|Any CPU
		{567219BF-96B6-3E0D-81D8-3757CB05A6CC}.Release|x86.ActiveCfg = Release|Any CPU
		{567219BF-96B6-3E0D-81D8-3757CB05A6CC}.Release|x86.Build.0 = Release|Any CPU
		{6A9933D5-FB4C-6B3A-D28E-E037EA7F2CE7}.Debug|Any CPU.ActiveCfg = Debug|Any CPU
		{6A9933D5-FB4C-6B3A-D28E-E037EA7F2CE7}.Debug|Any CPU.Build.0 = Debug|Any CPU
		{6A9933D5-FB4C-6B3A-D28E-E037EA7F2CE7}.Debug|x64.ActiveCfg = Debug|Any CPU
		{6A9933D5-FB4C-6B3A-D28E-E037EA7F2CE7}.Debug|x64.Build.0 = Debug|Any CPU
		{6A9933D5-FB4C-6B3A-D28E-E037EA7F2CE7}.Debug|x86.ActiveCfg = Debug|Any CPU
		{6A9933D5-FB4C-6B3A-D28E-E037EA7F2CE7}.Debug|x86.Build.0 = Debug|Any CPU
		{6A9933D5-FB4C-6B3A-D28E-E037EA7F2CE7}.Release|Any CPU.ActiveCfg = Release|Any CPU
		{6A9933D5-FB4C-6B3A-D28E-E037EA7F2CE7}.Release|Any CPU.Build.0 = Release|Any CPU
		{6A9933D5-FB4C-6B3A-D28E-E037EA7F2CE7}.Release|x64.ActiveCfg = Release|Any CPU
		{6A9933D5-FB4C-6B3A-D28E-E037EA7F2CE7}.Release|x64.Build.0 = Release|Any CPU
		{6A9933D5-FB4C-6B3A-D28E-E037EA7F2CE7}.Release|x86.ActiveCfg = Release|Any CPU
		{6A9933D5-FB4C-6B3A-D28E-E037EA7F2CE7}.Release|x86.Build.0 = Release|Any CPU
		{AB902149-0D3A-4407-8CCC-37DB3AF65B48}.Debug|Any CPU.ActiveCfg = Debug|Any CPU
		{AB902149-0D3A-4407-8CCC-37DB3AF65B48}.Debug|Any CPU.Build.0 = Debug|Any CPU
		{AB902149-0D3A-4407-8CCC-37DB3AF65B48}.Debug|x64.ActiveCfg = Debug|Any CPU
		{AB902149-0D3A-4407-8CCC-37DB3AF65B48}.Debug|x64.Build.0 = Debug|Any CPU
		{AB902149-0D3A-4407-8CCC-37DB3AF65B48}.Debug|x86.ActiveCfg = Debug|Any CPU
		{AB902149-0D3A-4407-8CCC-37DB3AF65B48}.Debug|x86.Build.0 = Debug|Any CPU
		{AB902149-0D3A-4407-8CCC-37DB3AF65B48}.Release|Any CPU.ActiveCfg = Release|Any CPU
		{AB902149-0D3A-4407-8CCC-37DB3AF65B48}.Release|Any CPU.Build.0 = Release|Any CPU
		{AB902149-0D3A-4407-8CCC-37DB3AF65B48}.Release|x64.ActiveCfg = Release|Any CPU
		{AB902149-0D3A-4407-8CCC-37DB3AF65B48}.Release|x64.Build.0 = Release|Any CPU
		{AB902149-0D3A-4407-8CCC-37DB3AF65B48}.Release|x86.ActiveCfg = Release|Any CPU
		{AB902149-0D3A-4407-8CCC-37DB3AF65B48}.Release|x86.Build.0 = Release|Any CPU
		{3AFCA1EF-2853-4A09-A354-8FD6F5BB845A}.Debug|Any CPU.ActiveCfg = Debug|Any CPU
		{3AFCA1EF-2853-4A09-A354-8FD6F5BB845A}.Debug|Any CPU.Build.0 = Debug|Any CPU
		{3AFCA1EF-2853-4A09-A354-8FD6F5BB845A}.Debug|x64.ActiveCfg = Debug|Any CPU
		{3AFCA1EF-2853-4A09-A354-8FD6F5BB845A}.Debug|x64.Build.0 = Debug|Any CPU
		{3AFCA1EF-2853-4A09-A354-8FD6F5BB845A}.Debug|x86.ActiveCfg = Debug|Any CPU
		{3AFCA1EF-2853-4A09-A354-8FD6F5BB845A}.Debug|x86.Build.0 = Debug|Any CPU
		{3AFCA1EF-2853-4A09-A354-8FD6F5BB845A}.Release|Any CPU.ActiveCfg = Release|Any CPU
		{3AFCA1EF-2853-4A09-A354-8FD6F5BB845A}.Release|Any CPU.Build.0 = Release|Any CPU
		{3AFCA1EF-2853-4A09-A354-8FD6F5BB845A}.Release|x64.ActiveCfg = Release|Any CPU
		{3AFCA1EF-2853-4A09-A354-8FD6F5BB845A}.Release|x64.Build.0 = Release|Any CPU
		{3AFCA1EF-2853-4A09-A354-8FD6F5BB845A}.Release|x86.ActiveCfg = Release|Any CPU
		{3AFCA1EF-2853-4A09-A354-8FD6F5BB845A}.Release|x86.Build.0 = Release|Any CPU
		{0CDC8B59-943B-4EE6-A0BF-24F602340C4B}.Debug|Any CPU.ActiveCfg = Debug|Any CPU
		{0CDC8B59-943B-4EE6-A0BF-24F602340C4B}.Debug|Any CPU.Build.0 = Debug|Any CPU
		{0CDC8B59-943B-4EE6-A0BF-24F602340C4B}.Debug|x64.ActiveCfg = Debug|Any CPU
		{0CDC8B59-943B-4EE6-A0BF-24F602340C4B}.Debug|x64.Build.0 = Debug|Any CPU
		{0CDC8B59-943B-4EE6-A0BF-24F602340C4B}.Debug|x86.ActiveCfg = Debug|Any CPU
		{0CDC8B59-943B-4EE6-A0BF-24F602340C4B}.Debug|x86.Build.0 = Debug|Any CPU
		{0CDC8B59-943B-4EE6-A0BF-24F602340C4B}.Release|Any CPU.ActiveCfg = Release|Any CPU
		{0CDC8B59-943B-4EE6-A0BF-24F602340C4B}.Release|Any CPU.Build.0 = Release|Any CPU
		{0CDC8B59-943B-4EE6-A0BF-24F602340C4B}.Release|x64.ActiveCfg = Release|Any CPU
		{0CDC8B59-943B-4EE6-A0BF-24F602340C4B}.Release|x64.Build.0 = Release|Any CPU
		{0CDC8B59-943B-4EE6-A0BF-24F602340C4B}.Release|x86.ActiveCfg = Release|Any CPU
		{0CDC8B59-943B-4EE6-A0BF-24F602340C4B}.Release|x86.Build.0 = Release|Any CPU
		{73B64073-F0BB-44CA-9F82-3D02A79E9342}.Debug|Any CPU.ActiveCfg = Debug|Any CPU
		{73B64073-F0BB-44CA-9F82-3D02A79E9342}.Debug|Any CPU.Build.0 = Debug|Any CPU
		{73B64073-F0BB-44CA-9F82-3D02A79E9342}.Debug|x64.ActiveCfg = Debug|Any CPU
		{73B64073-F0BB-44CA-9F82-3D02A79E9342}.Debug|x64.Build.0 = Debug|Any CPU
		{73B64073-F0BB-44CA-9F82-3D02A79E9342}.Debug|x86.ActiveCfg = Debug|Any CPU
		{73B64073-F0BB-44CA-9F82-3D02A79E9342}.Debug|x86.Build.0 = Debug|Any CPU
		{73B64073-F0BB-44CA-9F82-3D02A79E9342}.Release|Any CPU.ActiveCfg = Release|Any CPU
		{73B64073-F0BB-44CA-9F82-3D02A79E9342}.Release|Any CPU.Build.0 = Release|Any CPU
		{73B64073-F0BB-44CA-9F82-3D02A79E9342}.Release|x64.ActiveCfg = Release|Any CPU
		{73B64073-F0BB-44CA-9F82-3D02A79E9342}.Release|x64.Build.0 = Release|Any CPU
		{73B64073-F0BB-44CA-9F82-3D02A79E9342}.Release|x86.ActiveCfg = Release|Any CPU
		{73B64073-F0BB-44CA-9F82-3D02A79E9342}.Release|x86.Build.0 = Release|Any CPU
		{E419AC03-84A0-4974-965A-175C161DD7C6}.Debug|Any CPU.ActiveCfg = Debug|Any CPU
		{E419AC03-84A0-4974-965A-175C161DD7C6}.Debug|Any CPU.Build.0 = Debug|Any CPU
		{E419AC03-84A0-4974-965A-175C161DD7C6}.Debug|x64.ActiveCfg = Debug|Any CPU
		{E419AC03-84A0-4974-965A-175C161DD7C6}.Debug|x64.Build.0 = Debug|Any CPU
		{E419AC03-84A0-4974-965A-175C161DD7C6}.Debug|x86.ActiveCfg = Debug|Any CPU
		{E419AC03-84A0-4974-965A-175C161DD7C6}.Debug|x86.Build.0 = Debug|Any CPU
		{E419AC03-84A0-4974-965A-175C161DD7C6}.Release|Any CPU.ActiveCfg = Release|Any CPU
		{E419AC03-84A0-4974-965A-175C161DD7C6}.Release|Any CPU.Build.0 = Release|Any CPU
		{E419AC03-84A0-4974-965A-175C161DD7C6}.Release|x64.ActiveCfg = Release|Any CPU
		{E419AC03-84A0-4974-965A-175C161DD7C6}.Release|x64.Build.0 = Release|Any CPU
		{E419AC03-84A0-4974-965A-175C161DD7C6}.Release|x86.ActiveCfg = Release|Any CPU
		{E419AC03-84A0-4974-965A-175C161DD7C6}.Release|x86.Build.0 = Release|Any CPU
	EndGlobalSection
	GlobalSection(SolutionProperties) = preSolution
		HideSolutionNode = FALSE
	EndGlobalSection
	GlobalSection(NestedProjects) = preSolution
		{AB902149-0D3A-4407-8CCC-37DB3AF65B48} = {8A367DDA-5161-A942-4F09-60E4726C9306}
		{3AFCA1EF-2853-4A09-A354-8FD6F5BB845A} = {8A367DDA-5161-A942-4F09-60E4726C9306}
		{0CDC8B59-943B-4EE6-A0BF-24F602340C4B} = {8A367DDA-5161-A942-4F09-60E4726C9306}
		{73B64073-F0BB-44CA-9F82-3D02A79E9342} = {8A367DDA-5161-A942-4F09-60E4726C9306}
		{E419AC03-84A0-4974-965A-175C161DD7C6} = {8A367DDA-5161-A942-4F09-60E4726C9306}
	EndGlobalSection
	GlobalSection(ExtensibilityGlobals) = postSolution
		SolutionGuid = {2A507104-1407-4020-A711-0C3728DB239B}
	EndGlobalSection
EndGlobal
